// !$*UTF8*$!
{
	archiveVersion = 1;
	classes = {
	};
	objectVersion = 50;
	objects = {

/* Begin PBXBuildFile section */
		1AEA9141FB49409B88476B8C /* Pods_IOSApp.framework in Frameworks */ = {isa = PBXBuildFile; fileRef = C1E190484EDE338C7DD999A1 /* Pods_IOSApp.framework */; };
		2152FB042600AC8F00CF470E /* iOSApp.swift in Sources */ = {isa = PBXBuildFile; fileRef = 2152FB032600AC8F00CF470E /* iOSApp.swift */; };
		7555FF83242A565900829871 /* Scafold.swift in Sources */ = {isa = PBXBuildFile; fileRef = 7555FF82242A565900829871 /* Scafold.swift */; };
		EE42D1D22865BFF90068E797 /* NewAlimentoDialog.swift in Sources */ = {isa = PBXBuildFile; fileRef = EE42D1D12865BFF90068E797 /* NewAlimentoDialog.swift */; };
		EE42D1D42865C9DF0068E797 /* DropDownSelector.swift in Sources */ = {isa = PBXBuildFile; fileRef = EE42D1D32865C9DF0068E797 /* DropDownSelector.swift */; };
		EE42D1D72865CAE50068E797 /* DropDownRow.swift in Sources */ = {isa = PBXBuildFile; fileRef = EE42D1D62865CAE50068E797 /* DropDownRow.swift */; };
		EE42D1DA2865CB700068E797 /* DropDown.swift in Sources */ = {isa = PBXBuildFile; fileRef = EE42D1D92865CB700068E797 /* DropDown.swift */; };
		EE42D1DC2865E5D80068E797 /* ErrorBorder.swift in Sources */ = {isa = PBXBuildFile; fileRef = EE42D1DB2865E5D80068E797 /* ErrorBorder.swift */; };
		EE42D1DE28663B020068E797 /* ComprobarTipoUnidad.swift in Sources */ = {isa = PBXBuildFile; fileRef = EE42D1DD28663B020068E797 /* ComprobarTipoUnidad.swift */; };
		EE42D1E0286758600068E797 /* MyTextFieldStyle.swift in Sources */ = {isa = PBXBuildFile; fileRef = EE42D1DF286758600068E797 /* MyTextFieldStyle.swift */; };
		EE42D1E3286879C70068E797 /* GeneralDialog.swift in Sources */ = {isa = PBXBuildFile; fileRef = EE42D1E2286879C70068E797 /* GeneralDialog.swift */; };
		EE42D1E6286885B20068E797 /* WeightedProxy.swift in Sources */ = {isa = PBXBuildFile; fileRef = EE42D1E5286885B20068E797 /* WeightedProxy.swift */; };
		EE42D1E82868861F0068E797 /* Weighted.swift in Sources */ = {isa = PBXBuildFile; fileRef = EE42D1E72868861F0068E797 /* Weighted.swift */; };
		EE42D1EA2868866B0068E797 /* WeightedHStack.swift in Sources */ = {isa = PBXBuildFile; fileRef = EE42D1E92868866B0068E797 /* WeightedHStack.swift */; };
		EE42D1EC286886900068E797 /* WeightedVStack.swift in Sources */ = {isa = PBXBuildFile; fileRef = EE42D1EB286886900068E797 /* WeightedVStack.swift */; };
		EE94AD1B28298325009087A7 /* DespensaViewModel.swift in Sources */ = {isa = PBXBuildFile; fileRef = EE94AD1A28298325009087A7 /* DespensaViewModel.swift */; };
		EE94AD2028298844009087A7 /* Despensa.swift in Sources */ = {isa = PBXBuildFile; fileRef = EE94AD1F28298844009087A7 /* Despensa.swift */; };
		EE94AD47282C39C0009087A7 /* DespensaCard.swift in Sources */ = {isa = PBXBuildFile; fileRef = EE94AD46282C39BF009087A7 /* DespensaCard.swift */; };
		EE94AD4A282C4D9F009087A7 /* AbrevTipoUnidadParser.swift in Sources */ = {isa = PBXBuildFile; fileRef = EE94AD49282C4D9F009087A7 /* AbrevTipoUnidadParser.swift */; };
		EE94AD4D282C57C5009087A7 /* FloatingButton.swift in Sources */ = {isa = PBXBuildFile; fileRef = EE94AD4C282C57C5009087A7 /* FloatingButton.swift */; };
		EE94AD4F282C6B1B009087A7 /* AutocompleteTextField.swift in Sources */ = {isa = PBXBuildFile; fileRef = EE94AD4E282C6B1A009087A7 /* AutocompleteTextField.swift */; };
		EE94AD51282C6B7C009087A7 /* AutocompleteViewModel.swift in Sources */ = {isa = PBXBuildFile; fileRef = EE94AD50282C6B7C009087A7 /* AutocompleteViewModel.swift */; };
/* End PBXBuildFile section */

/* Begin PBXFileReference section */
		03DCBE396C0FC698E08348FD /* Pods-IOSApp.debug.xcconfig */ = {isa = PBXFileReference; includeInIndex = 1; lastKnownFileType = text.xcconfig; name = "Pods-IOSApp.debug.xcconfig"; path = "Target Support Files/Pods-IOSApp/Pods-IOSApp.debug.xcconfig"; sourceTree = "<group>"; };
		2152FB032600AC8F00CF470E /* iOSApp.swift */ = {isa = PBXFileReference; lastKnownFileType = sourcecode.swift; path = iOSApp.swift; sourceTree = "<group>"; };
		7555FF7B242A565900829871 /* IOSApp.app */ = {isa = PBXFileReference; explicitFileType = wrapper.application; includeInIndex = 0; path = IOSApp.app; sourceTree = BUILT_PRODUCTS_DIR; };
		7555FF82242A565900829871 /* Scafold.swift */ = {isa = PBXFileReference; lastKnownFileType = sourcecode.swift; path = Scafold.swift; sourceTree = "<group>"; };
		7555FF8C242A565B00829871 /* Info.plist */ = {isa = PBXFileReference; lastKnownFileType = text.plist.xml; path = Info.plist; sourceTree = "<group>"; };
		954AD292CDE2DF69A9702E41 /* Pods-IOSApp.release.xcconfig */ = {isa = PBXFileReference; includeInIndex = 1; lastKnownFileType = text.xcconfig; name = "Pods-IOSApp.release.xcconfig"; path = "Target Support Files/Pods-IOSApp/Pods-IOSApp.release.xcconfig"; sourceTree = "<group>"; };
		C1E190484EDE338C7DD999A1 /* Pods_IOSApp.framework */ = {isa = PBXFileReference; explicitFileType = wrapper.framework; includeInIndex = 0; path = Pods_IOSApp.framework; sourceTree = BUILT_PRODUCTS_DIR; };
		EE42D1D12865BFF90068E797 /* NewAlimentoDialog.swift */ = {isa = PBXFileReference; lastKnownFileType = sourcecode.swift; path = NewAlimentoDialog.swift; sourceTree = "<group>"; };
		EE42D1D32865C9DF0068E797 /* DropDownSelector.swift */ = {isa = PBXFileReference; lastKnownFileType = sourcecode.swift; path = DropDownSelector.swift; sourceTree = "<group>"; };
		EE42D1D62865CAE50068E797 /* DropDownRow.swift */ = {isa = PBXFileReference; lastKnownFileType = sourcecode.swift; path = DropDownRow.swift; sourceTree = "<group>"; };
		EE42D1D92865CB700068E797 /* DropDown.swift */ = {isa = PBXFileReference; lastKnownFileType = sourcecode.swift; path = DropDown.swift; sourceTree = "<group>"; };
		EE42D1DB2865E5D80068E797 /* ErrorBorder.swift */ = {isa = PBXFileReference; lastKnownFileType = sourcecode.swift; path = ErrorBorder.swift; sourceTree = "<group>"; };
		EE42D1DD28663B020068E797 /* ComprobarTipoUnidad.swift */ = {isa = PBXFileReference; lastKnownFileType = sourcecode.swift; path = ComprobarTipoUnidad.swift; sourceTree = "<group>"; };
		EE42D1DF286758600068E797 /* MyTextFieldStyle.swift */ = {isa = PBXFileReference; lastKnownFileType = sourcecode.swift; path = MyTextFieldStyle.swift; sourceTree = "<group>"; };
		EE42D1E2286879C70068E797 /* GeneralDialog.swift */ = {isa = PBXFileReference; lastKnownFileType = sourcecode.swift; path = GeneralDialog.swift; sourceTree = "<group>"; };
		EE42D1E5286885B20068E797 /* WeightedProxy.swift */ = {isa = PBXFileReference; lastKnownFileType = sourcecode.swift; path = WeightedProxy.swift; sourceTree = "<group>"; };
		EE42D1E72868861F0068E797 /* Weighted.swift */ = {isa = PBXFileReference; lastKnownFileType = sourcecode.swift; path = Weighted.swift; sourceTree = "<group>"; };
		EE42D1E92868866B0068E797 /* WeightedHStack.swift */ = {isa = PBXFileReference; lastKnownFileType = sourcecode.swift; path = WeightedHStack.swift; sourceTree = "<group>"; };
		EE42D1EB286886900068E797 /* WeightedVStack.swift */ = {isa = PBXFileReference; lastKnownFileType = sourcecode.swift; path = WeightedVStack.swift; sourceTree = "<group>"; };
		EE42D1ED286886EC0068E797 /* Información autoria.md */ = {isa = PBXFileReference; lastKnownFileType = net.daringfireball.markdown; path = "Información autoria.md"; sourceTree = "<group>"; };
		EE94AD1A28298325009087A7 /* DespensaViewModel.swift */ = {isa = PBXFileReference; lastKnownFileType = sourcecode.swift; path = DespensaViewModel.swift; sourceTree = "<group>"; };
		EE94AD1F28298844009087A7 /* Despensa.swift */ = {isa = PBXFileReference; lastKnownFileType = sourcecode.swift; path = Despensa.swift; sourceTree = "<group>"; };
		EE94AD46282C39BF009087A7 /* DespensaCard.swift */ = {isa = PBXFileReference; lastKnownFileType = sourcecode.swift; path = DespensaCard.swift; sourceTree = "<group>"; };
		EE94AD49282C4D9F009087A7 /* AbrevTipoUnidadParser.swift */ = {isa = PBXFileReference; lastKnownFileType = sourcecode.swift; path = AbrevTipoUnidadParser.swift; sourceTree = "<group>"; };
		EE94AD4C282C57C5009087A7 /* FloatingButton.swift */ = {isa = PBXFileReference; lastKnownFileType = sourcecode.swift; path = FloatingButton.swift; sourceTree = "<group>"; };
		EE94AD4E282C6B1A009087A7 /* AutocompleteTextField.swift */ = {isa = PBXFileReference; lastKnownFileType = sourcecode.swift; path = AutocompleteTextField.swift; sourceTree = "<group>"; };
		EE94AD50282C6B7C009087A7 /* AutocompleteViewModel.swift */ = {isa = PBXFileReference; lastKnownFileType = sourcecode.swift; path = AutocompleteViewModel.swift; sourceTree = "<group>"; };
/* End PBXFileReference section */

/* Begin PBXFrameworksBuildPhase section */
		27ACCE9A4776F70582641890 /* Frameworks */ = {
			isa = PBXFrameworksBuildPhase;
			buildActionMask = 2147483647;
			files = (
				1AEA9141FB49409B88476B8C /* Pods_IOSApp.framework in Frameworks */,
			);
			runOnlyForDeploymentPostprocessing = 0;
		};
/* End PBXFrameworksBuildPhase section */

/* Begin PBXGroup section */
		7555FF72242A565900829871 = {
			isa = PBXGroup;
			children = (
				7555FF7D242A565900829871 /* IOSApp */,
				7555FF7C242A565900829871 /* Products */,
				FDF5472051C7FD336370B287 /* Pods */,
				F6BC6C2896D2B7CD4FA2716F /* Frameworks */,
			);
			sourceTree = "<group>";
		};
		7555FF7C242A565900829871 /* Products */ = {
			isa = PBXGroup;
			children = (
				7555FF7B242A565900829871 /* IOSApp.app */,
			);
			name = Products;
			sourceTree = "<group>";
		};
		7555FF7D242A565900829871 /* IOSApp */ = {
			isa = PBXGroup;
			children = (
				EE94AD48282C4D88009087A7 /* Utill */,
				EE94AD17282982A6009087A7 /* Presentation */,
				7555FF8C242A565B00829871 /* Info.plist */,
				2152FB032600AC8F00CF470E /* iOSApp.swift */,
			);
			path = IOSApp;
			sourceTree = "<group>";
		};
		EE42D1D52865CAB60068E797 /* MenuDesplegable */ = {
			isa = PBXGroup;
			children = (
				EE42D1D32865C9DF0068E797 /* DropDownSelector.swift */,
				EE42D1D62865CAE50068E797 /* DropDownRow.swift */,
				EE42D1D92865CB700068E797 /* DropDown.swift */,
			);
			path = MenuDesplegable;
			sourceTree = "<group>";
		};
		EE42D1E1286879910068E797 /* Dialogs */ = {
			isa = PBXGroup;
			children = (
				EE42D1D12865BFF90068E797 /* NewAlimentoDialog.swift */,
				EE42D1E2286879C70068E797 /* GeneralDialog.swift */,
			);
			path = Dialogs;
			sourceTree = "<group>";
		};
		EE42D1E4286885940068E797 /* WeightedViews */ = {
			isa = PBXGroup;
			children = (
				EE42D1E5286885B20068E797 /* WeightedProxy.swift */,
				EE42D1E72868861F0068E797 /* Weighted.swift */,
				EE42D1E92868866B0068E797 /* WeightedHStack.swift */,
				EE42D1EB286886900068E797 /* WeightedVStack.swift */,
				EE42D1ED286886EC0068E797 /* Información autoria.md */,
			);
			path = WeightedViews;
			sourceTree = "<group>";
		};
		EE94AD17282982A6009087A7 /* Presentation */ = {
			isa = PBXGroup;
			children = (
				EE94AD1E28298827009087A7 /* UI */,
				EE94AD19282982F9009087A7 /* ViewModels */,
			);
			path = Presentation;
			sourceTree = "<group>";
		};
		EE94AD18282982B1009087A7 /* Arquitectura */ = {
			isa = PBXGroup;
			children = (
				7555FF82242A565900829871 /* Scafold.swift */,
			);
			path = Arquitectura;
			sourceTree = "<group>";
		};
		EE94AD19282982F9009087A7 /* ViewModels */ = {
			isa = PBXGroup;
			children = (
				EE94AD1A28298325009087A7 /* DespensaViewModel.swift */,
				EE94AD50282C6B7C009087A7 /* AutocompleteViewModel.swift */,
			);
			path = ViewModels;
			sourceTree = "<group>";
		};
		EE94AD1D28298819009087A7 /* Despensa */ = {
			isa = PBXGroup;
			children = (
				EE94AD1F28298844009087A7 /* Despensa.swift */,
			);
			path = Despensa;
			sourceTree = "<group>";
		};
		EE94AD1E28298827009087A7 /* UI */ = {
			isa = PBXGroup;
			children = (
				EE94AD4B282C57AF009087A7 /* Util */,
				EE94AD45282C39AC009087A7 /* Cards */,
				EE94AD18282982B1009087A7 /* Arquitectura */,
				EE94AD1D28298819009087A7 /* Despensa */,
			);
			path = UI;
			sourceTree = "<group>";
		};
		EE94AD45282C39AC009087A7 /* Cards */ = {
			isa = PBXGroup;
			children = (
				EE94AD46282C39BF009087A7 /* DespensaCard.swift */,
			);
			path = Cards;
			sourceTree = "<group>";
		};
		EE94AD48282C4D88009087A7 /* Utill */ = {
			isa = PBXGroup;
			children = (
				EE94AD49282C4D9F009087A7 /* AbrevTipoUnidadParser.swift */,
				EE42D1DD28663B020068E797 /* ComprobarTipoUnidad.swift */,
			);
			path = Utill;
			sourceTree = "<group>";
		};
		EE94AD4B282C57AF009087A7 /* Util */ = {
			isa = PBXGroup;
			children = (
				EE42D1E4286885940068E797 /* WeightedViews */,
				EE42D1E1286879910068E797 /* Dialogs */,
				EE42D1D52865CAB60068E797 /* MenuDesplegable */,
				EE94AD4C282C57C5009087A7 /* FloatingButton.swift */,
				EE94AD4E282C6B1A009087A7 /* AutocompleteTextField.swift */,
				EE42D1DB2865E5D80068E797 /* ErrorBorder.swift */,
				EE42D1DF286758600068E797 /* MyTextFieldStyle.swift */,
			);
			path = Util;
			sourceTree = "<group>";
		};
		F6BC6C2896D2B7CD4FA2716F /* Frameworks */ = {
			isa = PBXGroup;
			children = (
				C1E190484EDE338C7DD999A1 /* Pods_IOSApp.framework */,
			);
			name = Frameworks;
			sourceTree = "<group>";
		};
		FDF5472051C7FD336370B287 /* Pods */ = {
			isa = PBXGroup;
			children = (
				03DCBE396C0FC698E08348FD /* Pods-IOSApp.debug.xcconfig */,
				954AD292CDE2DF69A9702E41 /* Pods-IOSApp.release.xcconfig */,
			);
			path = Pods;
			sourceTree = "<group>";
		};
/* End PBXGroup section */

/* Begin PBXNativeTarget section */
		7555FF7A242A565900829871 /* IOSApp */ = {
			isa = PBXNativeTarget;
			buildConfigurationList = 7555FFA5242A565B00829871 /* Build configuration list for PBXNativeTarget "IOSApp" */;
			buildPhases = (
				9F0200F4E3F6A8F4DCF68D2C /* [CP] Check Pods Manifest.lock */,
				7555FF77242A565900829871 /* Sources */,
				7555FF79242A565900829871 /* Resources */,
				27ACCE9A4776F70582641890 /* Frameworks */,
			);
			buildRules = (
			);
			dependencies = (
			);
			name = IOSApp;
			productName = IOSApp;
			productReference = 7555FF7B242A565900829871 /* IOSApp.app */;
			productType = "com.apple.product-type.application";
		};
/* End PBXNativeTarget section */

/* Begin PBXProject section */
		7555FF73242A565900829871 /* Project object */ = {
			isa = PBXProject;
			attributes = {
				LastSwiftUpdateCheck = 1130;
				LastUpgradeCheck = 1130;
				ORGANIZATIONNAME = orgName;
				TargetAttributes = {
					7555FF7A242A565900829871 = {
						CreatedOnToolsVersion = 11.3.1;
					};
				};
			};
			buildConfigurationList = 7555FF76242A565900829871 /* Build configuration list for PBXProject "IOSApp" */;
			compatibilityVersion = "Xcode 9.3";
			developmentRegion = en;
			hasScannedForEncodings = 0;
			knownRegions = (
				en,
				Base,
			);
			mainGroup = 7555FF72242A565900829871;
			productRefGroup = 7555FF7C242A565900829871 /* Products */;
			projectDirPath = "";
			projectRoot = "";
			targets = (
				7555FF7A242A565900829871 /* IOSApp */,
			);
		};
/* End PBXProject section */

/* Begin PBXResourcesBuildPhase section */
		7555FF79242A565900829871 /* Resources */ = {
			isa = PBXResourcesBuildPhase;
			buildActionMask = 2147483647;
			files = (
			);
			runOnlyForDeploymentPostprocessing = 0;
		};
/* End PBXResourcesBuildPhase section */

/* Begin PBXShellScriptBuildPhase section */
		9F0200F4E3F6A8F4DCF68D2C /* [CP] Check Pods Manifest.lock */ = {
			isa = PBXShellScriptBuildPhase;
			buildActionMask = 2147483647;
			files = (
			);
			inputFileListPaths = (
			);
			inputPaths = (
				"${PODS_PODFILE_DIR_PATH}/Podfile.lock",
				"${PODS_ROOT}/Manifest.lock",
			);
			name = "[CP] Check Pods Manifest.lock";
			outputFileListPaths = (
			);
			outputPaths = (
				"$(DERIVED_FILE_DIR)/Pods-IOSApp-checkManifestLockResult.txt",
			);
			runOnlyForDeploymentPostprocessing = 0;
			shellPath = /bin/sh;
			shellScript = "diff \"${PODS_PODFILE_DIR_PATH}/Podfile.lock\" \"${PODS_ROOT}/Manifest.lock\" > /dev/null\nif [ $? != 0 ] ; then\n    # print error to STDERR\n    echo \"error: The sandbox is not in sync with the Podfile.lock. Run 'pod install' or update your CocoaPods installation.\" >&2\n    exit 1\nfi\n# This output is used by Xcode 'outputs' to avoid re-running this script phase.\necho \"SUCCESS\" > \"${SCRIPT_OUTPUT_FILE_0}\"\n";
			showEnvVarsInLog = 0;
		};
/* End PBXShellScriptBuildPhase section */

/* Begin PBXSourcesBuildPhase section */
		7555FF77242A565900829871 /* Sources */ = {
			isa = PBXSourcesBuildPhase;
			buildActionMask = 2147483647;
			files = (
				EE42D1D42865C9DF0068E797 /* DropDownSelector.swift in Sources */,
				EE94AD4A282C4D9F009087A7 /* AbrevTipoUnidadParser.swift in Sources */,
				EE42D1EA2868866B0068E797 /* WeightedHStack.swift in Sources */,
				EE42D1D72865CAE50068E797 /* DropDownRow.swift in Sources */,
				EE94AD4F282C6B1B009087A7 /* AutocompleteTextField.swift in Sources */,
				EE42D1DC2865E5D80068E797 /* ErrorBorder.swift in Sources */,
				EE94AD2028298844009087A7 /* Despensa.swift in Sources */,
				EE94AD4D282C57C5009087A7 /* FloatingButton.swift in Sources */,
				EE94AD47282C39C0009087A7 /* DespensaCard.swift in Sources */,
				EE42D1DA2865CB700068E797 /* DropDown.swift in Sources */,
				EE42D1E6286885B20068E797 /* WeightedProxy.swift in Sources */,
				2152FB042600AC8F00CF470E /* iOSApp.swift in Sources */,
				EE42D1E0286758600068E797 /* MyTextFieldStyle.swift in Sources */,
				7555FF83242A565900829871 /* Scafold.swift in Sources */,
				EE42D1D22865BFF90068E797 /* NewAlimentoDialog.swift in Sources */,
				EE42D1E3286879C70068E797 /* GeneralDialog.swift in Sources */,
				EE94AD51282C6B7C009087A7 /* AutocompleteViewModel.swift in Sources */,
				EE42D1EC286886900068E797 /* WeightedVStack.swift in Sources */,
				EE42D1DE28663B020068E797 /* ComprobarTipoUnidad.swift in Sources */,
				EE94AD1B28298325009087A7 /* DespensaViewModel.swift in Sources */,
				EE42D1E82868861F0068E797 /* Weighted.swift in Sources */,
			);
			runOnlyForDeploymentPostprocessing = 0;
		};
/* End PBXSourcesBuildPhase section */

/* Begin XCBuildConfiguration section */
		7555FFA3242A565B00829871 /* Debug */ = {
			isa = XCBuildConfiguration;
			buildSettings = {
				ALWAYS_SEARCH_USER_PATHS = NO;
				CLANG_ANALYZER_NONNULL = YES;
				CLANG_ANALYZER_NUMBER_OBJECT_CONVERSION = YES_AGGRESSIVE;
				CLANG_CXX_LANGUAGE_STANDARD = "gnu++14";
				CLANG_CXX_LIBRARY = "libc++";
				CLANG_ENABLE_MODULES = YES;
				CLANG_ENABLE_OBJC_ARC = YES;
				CLANG_ENABLE_OBJC_WEAK = YES;
				CLANG_WARN_BLOCK_CAPTURE_AUTORELEASING = YES;
				CLANG_WARN_BOOL_CONVERSION = YES;
				CLANG_WARN_COMMA = YES;
				CLANG_WARN_CONSTANT_CONVERSION = YES;
				CLANG_WARN_DEPRECATED_OBJC_IMPLEMENTATIONS = YES;
				CLANG_WARN_DIRECT_OBJC_ISA_USAGE = YES_ERROR;
				CLANG_WARN_DOCUMENTATION_COMMENTS = YES;
				CLANG_WARN_EMPTY_BODY = YES;
				CLANG_WARN_ENUM_CONVERSION = YES;
				CLANG_WARN_INFINITE_RECURSION = YES;
				CLANG_WARN_INT_CONVERSION = YES;
				CLANG_WARN_NON_LITERAL_NULL_CONVERSION = YES;
				CLANG_WARN_OBJC_IMPLICIT_RETAIN_SELF = YES;
				CLANG_WARN_OBJC_LITERAL_CONVERSION = YES;
				CLANG_WARN_OBJC_ROOT_CLASS = YES_ERROR;
				CLANG_WARN_QUOTED_INCLUDE_IN_FRAMEWORK_HEADER = YES;
				CLANG_WARN_RANGE_LOOP_ANALYSIS = YES;
				CLANG_WARN_STRICT_PROTOTYPES = YES;
				CLANG_WARN_SUSPICIOUS_MOVE = YES;
				CLANG_WARN_UNGUARDED_AVAILABILITY = YES_AGGRESSIVE;
				CLANG_WARN_UNREACHABLE_CODE = YES;
				CLANG_WARN__DUPLICATE_METHOD_MATCH = YES;
				COPY_PHASE_STRIP = NO;
				DEBUG_INFORMATION_FORMAT = "dwarf-with-dsym";
				ENABLE_STRICT_OBJC_MSGSEND = YES;
				ENABLE_TESTABILITY = YES;
				GCC_C_LANGUAGE_STANDARD = gnu11;
				GCC_DYNAMIC_NO_PIC = NO;
				GCC_NO_COMMON_BLOCKS = YES;
				GCC_OPTIMIZATION_LEVEL = 0;
				GCC_PREPROCESSOR_DEFINITIONS = (
					"DEBUG=1",
					"$(inherited)",
				);
				GCC_WARN_64_TO_32_BIT_CONVERSION = YES;
				GCC_WARN_ABOUT_RETURN_TYPE = YES_ERROR;
				GCC_WARN_UNDECLARED_SELECTOR = YES;
				GCC_WARN_UNINITIALIZED_AUTOS = YES_AGGRESSIVE;
				GCC_WARN_UNUSED_FUNCTION = YES;
				GCC_WARN_UNUSED_VARIABLE = YES;
				IPHONEOS_DEPLOYMENT_TARGET = 14.1;
				MTL_ENABLE_DEBUG_INFO = INCLUDE_SOURCE;
				MTL_FAST_MATH = YES;
				ONLY_ACTIVE_ARCH = YES;
				SDKROOT = iphoneos;
				SWIFT_ACTIVE_COMPILATION_CONDITIONS = DEBUG;
				SWIFT_OPTIMIZATION_LEVEL = "-Onone";
			};
			name = Debug;
		};
		7555FFA4242A565B00829871 /* Release */ = {
			isa = XCBuildConfiguration;
			buildSettings = {
				ALWAYS_SEARCH_USER_PATHS = NO;
				CLANG_ANALYZER_NONNULL = YES;
				CLANG_ANALYZER_NUMBER_OBJECT_CONVERSION = YES_AGGRESSIVE;
				CLANG_CXX_LANGUAGE_STANDARD = "gnu++14";
				CLANG_CXX_LIBRARY = "libc++";
				CLANG_ENABLE_MODULES = YES;
				CLANG_ENABLE_OBJC_ARC = YES;
				CLANG_ENABLE_OBJC_WEAK = YES;
				CLANG_WARN_BLOCK_CAPTURE_AUTORELEASING = YES;
				CLANG_WARN_BOOL_CONVERSION = YES;
				CLANG_WARN_COMMA = YES;
				CLANG_WARN_CONSTANT_CONVERSION = YES;
				CLANG_WARN_DEPRECATED_OBJC_IMPLEMENTATIONS = YES;
				CLANG_WARN_DIRECT_OBJC_ISA_USAGE = YES_ERROR;
				CLANG_WARN_DOCUMENTATION_COMMENTS = YES;
				CLANG_WARN_EMPTY_BODY = YES;
				CLANG_WARN_ENUM_CONVERSION = YES;
				CLANG_WARN_INFINITE_RECURSION = YES;
				CLANG_WARN_INT_CONVERSION = YES;
				CLANG_WARN_NON_LITERAL_NULL_CONVERSION = YES;
				CLANG_WARN_OBJC_IMPLICIT_RETAIN_SELF = YES;
				CLANG_WARN_OBJC_LITERAL_CONVERSION = YES;
				CLANG_WARN_OBJC_ROOT_CLASS = YES_ERROR;
				CLANG_WARN_QUOTED_INCLUDE_IN_FRAMEWORK_HEADER = YES;
				CLANG_WARN_RANGE_LOOP_ANALYSIS = YES;
				CLANG_WARN_STRICT_PROTOTYPES = YES;
				CLANG_WARN_SUSPICIOUS_MOVE = YES;
				CLANG_WARN_UNGUARDED_AVAILABILITY = YES_AGGRESSIVE;
				CLANG_WARN_UNREACHABLE_CODE = YES;
				CLANG_WARN__DUPLICATE_METHOD_MATCH = YES;
				COPY_PHASE_STRIP = NO;
				DEBUG_INFORMATION_FORMAT = "dwarf-with-dsym";
				ENABLE_NS_ASSERTIONS = NO;
				ENABLE_STRICT_OBJC_MSGSEND = YES;
				GCC_C_LANGUAGE_STANDARD = gnu11;
				GCC_NO_COMMON_BLOCKS = YES;
				GCC_WARN_64_TO_32_BIT_CONVERSION = YES;
				GCC_WARN_ABOUT_RETURN_TYPE = YES_ERROR;
				GCC_WARN_UNDECLARED_SELECTOR = YES;
				GCC_WARN_UNINITIALIZED_AUTOS = YES_AGGRESSIVE;
				GCC_WARN_UNUSED_FUNCTION = YES;
				GCC_WARN_UNUSED_VARIABLE = YES;
				IPHONEOS_DEPLOYMENT_TARGET = 14.1;
				MTL_ENABLE_DEBUG_INFO = NO;
				MTL_FAST_MATH = YES;
				SDKROOT = iphoneos;
				SWIFT_COMPILATION_MODE = wholemodule;
				SWIFT_OPTIMIZATION_LEVEL = "-O";
				VALIDATE_PRODUCT = YES;
			};
			name = Release;
		};
		7555FFA6242A565B00829871 /* Debug */ = {
			isa = XCBuildConfiguration;
			baseConfigurationReference = 03DCBE396C0FC698E08348FD /* Pods-IOSApp.debug.xcconfig */;
			buildSettings = {
				ASSETCATALOG_COMPILER_APPICON_NAME = AppIcon;
				CODE_SIGN_STYLE = Automatic;
				ENABLE_PREVIEWS = YES;
				INFOPLIST_FILE = IOSApp/Info.plist;
				LD_RUNPATH_SEARCH_PATHS = (
					"$(inherited)",
					"@executable_path/Frameworks",
				);
				OTHER_LDFLAGS = (
					"$(inherited)",
					"-ObjC",
					"-l\"c++\"",
					"-framework",
					"\"sharedApp\"",
					"-lsqlite3",
				);
				PRODUCT_BUNDLE_IDENTIFIER = orgIdentifier.IOSApp;
				PRODUCT_NAME = "$(TARGET_NAME)";
				SWIFT_VERSION = 5.0;
				TARGETED_DEVICE_FAMILY = "1,2";
			};
			name = Debug;
		};
		7555FFA7242A565B00829871 /* Release */ = {
			isa = XCBuildConfiguration;
			baseConfigurationReference = 954AD292CDE2DF69A9702E41 /* Pods-IOSApp.release.xcconfig */;
			buildSettings = {
				ASSETCATALOG_COMPILER_APPICON_NAME = AppIcon;
				CODE_SIGN_STYLE = Automatic;
				ENABLE_PREVIEWS = YES;
				INFOPLIST_FILE = IOSApp/Info.plist;
				LD_RUNPATH_SEARCH_PATHS = (
					"$(inherited)",
					"@executable_path/Frameworks",
				);
				OTHER_LDFLAGS = (
					"$(inherited)",
					"-ObjC",
					"-l\"c++\"",
					"-framework",
					"\"sharedApp\"",
					"-lsqlite3",
				);
				PRODUCT_BUNDLE_IDENTIFIER = orgIdentifier.IOSApp;
				PRODUCT_NAME = "$(TARGET_NAME)";
				SWIFT_VERSION = 5.0;
				TARGETED_DEVICE_FAMILY = "1,2";
			};
			name = Release;
		};
/* End XCBuildConfiguration section */

/* Begin XCConfigurationList section */
		7555FF76242A565900829871 /* Build configuration list for PBXProject "IOSApp" */ = {
			isa = XCConfigurationList;
			buildConfigurations = (
				7555FFA3242A565B00829871 /* Debug */,
				7555FFA4242A565B00829871 /* Release */,
			);
			defaultConfigurationIsVisible = 0;
			defaultConfigurationName = Release;
		};
		7555FFA5242A565B00829871 /* Build configuration list for PBXNativeTarget "IOSApp" */ = {
			isa = XCConfigurationList;
			buildConfigurations = (
				7555FFA6242A565B00829871 /* Debug */,
				7555FFA7242A565B00829871 /* Release */,
			);
			defaultConfigurationIsVisible = 0;
			defaultConfigurationName = Release;
		};
/* End XCConfigurationList section */
	};
	rootObject = 7555FF73242A565900829871 /* Project object */;
}
